
Microsoft Visual Studio Solution File, Format Version 12.00
# Visual Studio 2013
VisualStudioVersion = 12.0.0.0
MinimumVisualStudioVersion = 10.0.0.1
Project("{2150E333-8FDC-42A3-9474-1A3956D46DE8}") = "src", "src", "{1717E471-BD5E-4429-A035-0FE9A91A231A}"
EndProject
Project("{13B669BE-BB05-4DDF-9536-439F39A36129}") = "HelloCoreClrApp", "src\HelloCoreClrApp\HelloCoreClrApp.csproj", "{2B87E680-F8BA-481B-BE5E-D479101330B0}"
EndProject
Project("{F2A71F9B-5D33-465A-A702-920D77279786}") = "HelloCoreClrApp.Rules", "src\HelloCoreClrApp.Rules\HelloCoreClrApp.Rules.fsproj", "{71476E1A-10A0-4123-8B91-64EA62F22C83}"
EndProject
Project("{2150E333-8FDC-42A3-9474-1A3956D46DE8}") = "test", "test", "{FC30712B-F7CA-40AE-8952-97601D83296E}"
EndProject
Project("{13B669BE-BB05-4DDF-9536-439F39A36129}") = "HelloCoreClrApp.Test", "test\HelloCoreClrApp.Test\HelloCoreClrApp.Test.csproj", "{22457D1A-A784-4E7F-90A8-16C1759D3896}"
EndProject
Project("{FAE04EC0-301F-11D3-BF4B-00C04F79EFBC}") = "ui", "ui\ui.proj", "{100C5056-C2E9-4930-9506-D427FB09D1C1}"
EndProject
Global
	GlobalSection(SolutionConfigurationPlatforms) = preSolution
		Debug|Any CPU = Debug|Any CPU
		Debug|x64 = Debug|x64
		Debug|x86 = Debug|x86
		Release|Any CPU = Release|Any CPU
		Release|x64 = Release|x64
		Release|x86 = Release|x86
	EndGlobalSection
	GlobalSection(ProjectConfigurationPlatforms) = postSolution
		{2B87E680-F8BA-481B-BE5E-D479101330B0}.Debug|Any CPU.ActiveCfg = Debug|Any CPU
		{2B87E680-F8BA-481B-BE5E-D479101330B0}.Debug|Any CPU.Build.0 = Debug|Any CPU
		{2B87E680-F8BA-481B-BE5E-D479101330B0}.Debug|x64.ActiveCfg = Debug|x64
		{2B87E680-F8BA-481B-BE5E-D479101330B0}.Debug|x64.Build.0 = Debug|x64
		{2B87E680-F8BA-481B-BE5E-D479101330B0}.Debug|x86.ActiveCfg = Debug|x86
		{2B87E680-F8BA-481B-BE5E-D479101330B0}.Debug|x86.Build.0 = Debug|x86
		{2B87E680-F8BA-481B-BE5E-D479101330B0}.Release|Any CPU.ActiveCfg = Release|Any CPU
		{2B87E680-F8BA-481B-BE5E-D479101330B0}.Release|Any CPU.Build.0 = Release|Any CPU
		{2B87E680-F8BA-481B-BE5E-D479101330B0}.Release|x64.ActiveCfg = Release|x64
		{2B87E680-F8BA-481B-BE5E-D479101330B0}.Release|x64.Build.0 = Release|x64
		{2B87E680-F8BA-481B-BE5E-D479101330B0}.Release|x86.ActiveCfg = Release|x86
		{2B87E680-F8BA-481B-BE5E-D479101330B0}.Release|x86.Build.0 = Release|x86
		{71476E1A-10A0-4123-8B91-64EA62F22C83}.Debug|Any CPU.ActiveCfg = Debug|Any CPU
		{71476E1A-10A0-4123-8B91-64EA62F22C83}.Debug|Any CPU.Build.0 = Debug|Any CPU
		{71476E1A-10A0-4123-8B91-64EA62F22C83}.Debug|x64.ActiveCfg = Debug|x64
		{71476E1A-10A0-4123-8B91-64EA62F22C83}.Debug|x64.Build.0 = Debug|x64
		{71476E1A-10A0-4123-8B91-64EA62F22C83}.Debug|x86.ActiveCfg = Debug|x86
		{71476E1A-10A0-4123-8B91-64EA62F22C83}.Debug|x86.Build.0 = Debug|x86
		{71476E1A-10A0-4123-8B91-64EA62F22C83}.Release|Any CPU.ActiveCfg = Release|Any CPU
		{71476E1A-10A0-4123-8B91-64EA62F22C83}.Release|Any CPU.Build.0 = Release|Any CPU
		{71476E1A-10A0-4123-8B91-64EA62F22C83}.Release|x64.ActiveCfg = Release|x64
		{71476E1A-10A0-4123-8B91-64EA62F22C83}.Release|x64.Build.0 = Release|x64
		{71476E1A-10A0-4123-8B91-64EA62F22C83}.Release|x86.ActiveCfg = Release|x86
		{71476E1A-10A0-4123-8B91-64EA62F22C83}.Release|x86.Build.0 = Release|x86
		{22457D1A-A784-4E7F-90A8-16C1759D3896}.Debug|Any CPU.ActiveCfg = Debug|Any CPU
		{22457D1A-A784-4E7F-90A8-16C1759D3896}.Debug|Any CPU.Build.0 = Debug|Any CPU
		{22457D1A-A784-4E7F-90A8-16C1759D3896}.Debug|x64.ActiveCfg = Debug|x64
		{22457D1A-A784-4E7F-90A8-16C1759D3896}.Debug|x64.Build.0 = Debug|x64
		{22457D1A-A784-4E7F-90A8-16C1759D3896}.Debug|x86.ActiveCfg = Debug|x86
		{22457D1A-A784-4E7F-90A8-16C1759D3896}.Debug|x86.Build.0 = Debug|x86
		{22457D1A-A784-4E7F-90A8-16C1759D3896}.Release|Any CPU.ActiveCfg = Release|Any CPU
		{22457D1A-A784-4E7F-90A8-16C1759D3896}.Release|Any CPU.Build.0 = Release|Any CPU
		{22457D1A-A784-4E7F-90A8-16C1759D3896}.Release|x64.ActiveCfg = Release|x64
		{22457D1A-A784-4E7F-90A8-16C1759D3896}.Release|x64.Build.0 = Release|x64
		{22457D1A-A784-4E7F-90A8-16C1759D3896}.Release|x86.ActiveCfg = Release|x86
		{22457D1A-A784-4E7F-90A8-16C1759D3896}.Release|x86.Build.0 = Release|x86
		{100C5056-C2E9-4930-9506-D427FB09D1C1}.Debug|Any CPU.ActiveCfg = Debug|Any CPU
		{100C5056-C2E9-4930-9506-D427FB09D1C1}.Debug|Any CPU.Build.0 = Debug|Any CPU
		{100C5056-C2E9-4930-9506-D427FB09D1C1}.Debug|x64.ActiveCfg = Debug|x64
		{100C5056-C2E9-4930-9506-D427FB09D1C1}.Debug|x64.Build.0 = Debug|x64
		{100C5056-C2E9-4930-9506-D427FB09D1C1}.Debug|x86.ActiveCfg = Debug|x86
		{100C5056-C2E9-4930-9506-D427FB09D1C1}.Debug|x86.Build.0 = Debug|x86
		{100C5056-C2E9-4930-9506-D427FB09D1C1}.Release|Any CPU.ActiveCfg = Release|Any CPU
		{100C5056-C2E9-4930-9506-D427FB09D1C1}.Release|Any CPU.Build.0 = Release|Any CPU
		{100C5056-C2E9-4930-9506-D427FB09D1C1}.Release|x64.ActiveCfg = Release|x64
		{100C5056-C2E9-4930-9506-D427FB09D1C1}.Release|x64.Build.0 = Release|x64
		{100C5056-C2E9-4930-9506-D427FB09D1C1}.Release|x86.ActiveCfg = Release|x86
		{100C5056-C2E9-4930-9506-D427FB09D1C1}.Release|x86.Build.0 = Release|x86
	EndGlobalSection
	GlobalSection(NestedProjects) = preSolution
		{2B87E680-F8BA-481B-BE5E-D479101330B0} = {1717E471-BD5E-4429-A035-0FE9A91A231A}
		{71476E1A-10A0-4123-8B91-64EA62F22C83} = {1717E471-BD5E-4429-A035-0FE9A91A231A}
		{22457D1A-A784-4E7F-90A8-16C1759D3896} = {FC30712B-F7CA-40AE-8952-97601D83296E}
	EndGlobalSection
EndGlobal
