Microsoft Visual Studio Solution File, Format Version 12.00
# Visual Studio 15
VisualStudioVersion = 15.0.26730.3
MinimumVisualStudioVersion = 10.0.40219.1
Project("{2150E333-8FDC-42A3-9474-1A3956D46DE8}") = "src", "src", "{1717E471-BD5E-4429-A035-0FE9A91A231A}"
EndProject
Project("{9A19103F-16F7-4668-BE54-9A1E7A4F7556}") = "HelloCoreClrApp", "src\HelloCoreClrApp\HelloCoreClrApp.csproj", "{2B87E680-F8BA-481B-BE5E-D479101330B0}"
EndProject
Project("{F2A71F9B-5D33-465A-A702-920D77279786}") = "HelloCoreClrApp.Rules", "src\HelloCoreClrApp.Rules\HelloCoreClrApp.Rules.fsproj", "{71476E1A-10A0-4123-8B91-64EA62F22C83}"
EndProject
Project("{2150E333-8FDC-42A3-9474-1A3956D46DE8}") = "test", "test", "{FC30712B-F7CA-40AE-8952-97601D83296E}"
EndProject
Project("{9A19103F-16F7-4668-BE54-9A1E7A4F7556}") = "HelloCoreClrApp.Test", "test\HelloCoreClrApp.Test\HelloCoreClrApp.Test.csproj", "{22457D1A-A784-4E7F-90A8-16C1759D3896}"
EndProject
Global
	GlobalSection(SolutionConfigurationPlatforms) = preSolution
		Debug|Any CPU = Debug|Any CPU
		Release|Any CPU = Release|Any CPU
	EndGlobalSection
	GlobalSection(ProjectConfigurationPlatforms) = postSolution
		{2B87E680-F8BA-481B-BE5E-D479101330B0}.Debug|Any CPU.ActiveCfg = Debug|Any CPU
		{2B87E680-F8BA-481B-BE5E-D479101330B0}.Debug|Any CPU.Build.0 = Debug|Any CPU
		{2B87E680-F8BA-481B-BE5E-D479101330B0}.Release|Any CPU.ActiveCfg = Release|Any CPU
		{2B87E680-F8BA-481B-BE5E-D479101330B0}.Release|Any CPU.Build.0 = Release|Any CPU
		{71476E1A-10A0-4123-8B91-64EA62F22C83}.Debug|Any CPU.ActiveCfg = Debug|Any CPU
		{71476E1A-10A0-4123-8B91-64EA62F22C83}.Debug|Any CPU.Build.0 = Debug|Any CPU
		{71476E1A-10A0-4123-8B91-64EA62F22C83}.Release|Any CPU.ActiveCfg = Release|Any CPU
		{71476E1A-10A0-4123-8B91-64EA62F22C83}.Release|Any CPU.Build.0 = Release|Any CPU
		{22457D1A-A784-4E7F-90A8-16C1759D3896}.Debug|Any CPU.ActiveCfg = Debug|Any CPU
		{22457D1A-A784-4E7F-90A8-16C1759D3896}.Debug|Any CPU.Build.0 = Debug|Any CPU
		{22457D1A-A784-4E7F-90A8-16C1759D3896}.Release|Any CPU.ActiveCfg = Release|Any CPU
		{22457D1A-A784-4E7F-90A8-16C1759D3896}.Release|Any CPU.Build.0 = Release|Any CPU
	EndGlobalSection
	GlobalSection(SolutionProperties) = preSolution
		HideSolutionNode = FALSE
	EndGlobalSection
	GlobalSection(NestedProjects) = preSolution
		{2B87E680-F8BA-481B-BE5E-D479101330B0} = {1717E471-BD5E-4429-A035-0FE9A91A231A}
		{71476E1A-10A0-4123-8B91-64EA62F22C83} = {1717E471-BD5E-4429-A035-0FE9A91A231A}
		{22457D1A-A784-4E7F-90A8-16C1759D3896} = {FC30712B-F7CA-40AE-8952-97601D83296E}
	EndGlobalSection
	GlobalSection(ExtensibilityGlobals) = postSolution
		SolutionGuid = {3D9B6D52-26DF-4CCC-A57F-1F2CB7F14B8E}
	EndGlobalSection
EndGlobal
